// !$*UTF8*$!
{
	archiveVersion = 1;
	classes = {
	};
	objectVersion = 46;
	objects = {

/* Begin PBXBuildFile section */
		03DEBB593919382D6559FBA3 /* Pods_TummyOnTrack.framework in Frameworks */ = {isa = PBXBuildFile; fileRef = 21989D8558ABF79AD2D3611D /* Pods_TummyOnTrack.framework */; };
		311B02E41EB448D700DAA2ED /* TTRewardsViewController.swift in Sources */ = {isa = PBXBuildFile; fileRef = 311B02E31EB448D700DAA2ED /* TTRewardsViewController.swift */; };
		311B02E61EB4513900DAA2ED /* RewardCell.swift in Sources */ = {isa = PBXBuildFile; fileRef = 311B02E51EB4513900DAA2ED /* RewardCell.swift */; };
		311B02E81EB459EC00DAA2ED /* TTReward.swift in Sources */ = {isa = PBXBuildFile; fileRef = 311B02E71EB459EC00DAA2ED /* TTReward.swift */; };
		311B02EC1EB4B41E00DAA2ED /* TTProfile.swift in Sources */ = {isa = PBXBuildFile; fileRef = 311B02EB1EB4B41D00DAA2ED /* TTProfile.swift */; };
		311B02EE1EB994E000DAA2ED /* RewardsHeaderView.swift in Sources */ = {isa = PBXBuildFile; fileRef = 311B02ED1EB994E000DAA2ED /* RewardsHeaderView.swift */; };
		311B02F21EBA8C3200DAA2ED /* TTDecorateRoomViewController.swift in Sources */ = {isa = PBXBuildFile; fileRef = 311B02F11EBA8C3200DAA2ED /* TTDecorateRoomViewController.swift */; };
		31DE9B041EB154DF0055B8D8 /* TTPointsViewController.swift in Sources */ = {isa = PBXBuildFile; fileRef = 31DE9B031EB154DF0055B8D8 /* TTPointsViewController.swift */; };
		31DE9B061EB155120055B8D8 /* Rewards.storyboard in Resources */ = {isa = PBXBuildFile; fileRef = 31DE9B051EB155120055B8D8 /* Rewards.storyboard */; };
		D11FC1871EBBD6D9005FDC06 /* GoogleService-Info.plist in Resources */ = {isa = PBXBuildFile; fileRef = D11FC1861EBBD6D9005FDC06 /* GoogleService-Info.plist */; };
		D11FC18B1EBC09A3005FDC06 /* VoiceSummaryHeader.swift in Sources */ = {isa = PBXBuildFile; fileRef = D11FC18A1EBC09A3005FDC06 /* VoiceSummaryHeader.swift */; };
		D1B1EF9B1EB141970032BEE1 /* TTVoiceViewController.swift in Sources */ = {isa = PBXBuildFile; fileRef = D1B1EF9A1EB141970032BEE1 /* TTVoiceViewController.swift */; };
		D1B1EF9D1EB141E40032BEE1 /* VoiceEntry.storyboard in Resources */ = {isa = PBXBuildFile; fileRef = D1B1EF9C1EB141E40032BEE1 /* VoiceEntry.storyboard */; };
		D1B1EFD51EB395250032BEE1 /* TTVoiceSummaryViewController.swift in Sources */ = {isa = PBXBuildFile; fileRef = D1B1EFD41EB395250032BEE1 /* TTVoiceSummaryViewController.swift */; };
		D1B1EFD71EB3953D0032BEE1 /* TTFoodItem.swift in Sources */ = {isa = PBXBuildFile; fileRef = D1B1EFD61EB3953D0032BEE1 /* TTFoodItem.swift */; };
		D1B1EFE81EB3BDF80032BEE1 /* VoiceCollectionViewCell.swift in Sources */ = {isa = PBXBuildFile; fileRef = D1B1EFE71EB3BDF80032BEE1 /* VoiceCollectionViewCell.swift */; };
		DCE26630DAFFED14DB212A92 /* Pods_TummyOnTrackTests.framework in Frameworks */ = {isa = PBXBuildFile; fileRef = C70769353C6DF168DCF8CA75 /* Pods_TummyOnTrackTests.framework */; };
		E038F56B1EB694DA002E55DE /* ProfileStoryboard.storyboard in Resources */ = {isa = PBXBuildFile; fileRef = E038F56A1EB694DA002E55DE /* ProfileStoryboard.storyboard */; };
		E038F5731EB6A80C002E55DE /* AddTTProfileViewController.swift in Sources */ = {isa = PBXBuildFile; fileRef = E038F5721EB6A80C002E55DE /* AddTTProfileViewController.swift */; };
		E08BD2A31EB28B4100FD5404 /* Helpers.swift in Sources */ = {isa = PBXBuildFile; fileRef = E08BD2A21EB28B4100FD5404 /* Helpers.swift */; };
		E746D5BEBDD93D7BABE7860B /* Pods_TummyOnTrackUITests.framework in Frameworks */ = {isa = PBXBuildFile; fileRef = CD778399FA4004A9293948D1 /* Pods_TummyOnTrackUITests.framework */; };
		E7570FF41EB6F5F300E2FE2D /* TTProfileCollectionViewCell.swift in Sources */ = {isa = PBXBuildFile; fileRef = E7570FF31EB6F5F300E2FE2D /* TTProfileCollectionViewCell.swift */; };
		E7834F2A1EB14BB500FD2F1C /* TTHomeTableTableViewController.swift in Sources */ = {isa = PBXBuildFile; fileRef = E7834F291EB14BB500FD2F1C /* TTHomeTableTableViewController.swift */; };
		E7B940E51EAE790C0078AB5E /* AppDelegate.swift in Sources */ = {isa = PBXBuildFile; fileRef = E7B940E41EAE790C0078AB5E /* AppDelegate.swift */; };
		E7B940EA1EAE790C0078AB5E /* Main.storyboard in Resources */ = {isa = PBXBuildFile; fileRef = E7B940E81EAE790C0078AB5E /* Main.storyboard */; };
		E7B940ED1EAE790C0078AB5E /* TummyOnTrack.xcdatamodeld in Sources */ = {isa = PBXBuildFile; fileRef = E7B940EB1EAE790C0078AB5E /* TummyOnTrack.xcdatamodeld */; };
		E7B940EF1EAE790C0078AB5E /* Assets.xcassets in Resources */ = {isa = PBXBuildFile; fileRef = E7B940EE1EAE790C0078AB5E /* Assets.xcassets */; };
		E7B940F21EAE790C0078AB5E /* LaunchScreen.storyboard in Resources */ = {isa = PBXBuildFile; fileRef = E7B940F01EAE790C0078AB5E /* LaunchScreen.storyboard */; };
		E7B940FD1EAE790C0078AB5E /* TummyOnTrackTests.swift in Sources */ = {isa = PBXBuildFile; fileRef = E7B940FC1EAE790C0078AB5E /* TummyOnTrackTests.swift */; };
		E7B941081EAE790C0078AB5E /* TummyOnTrackUITests.swift in Sources */ = {isa = PBXBuildFile; fileRef = E7B941071EAE790C0078AB5E /* TummyOnTrackUITests.swift */; };
		E7BC60501EB10D6A000529AC /* Onboarding.storyboard in Resources */ = {isa = PBXBuildFile; fileRef = E7BC604F1EB10D6A000529AC /* Onboarding.storyboard */; };
		E7BC60541EB10D79000529AC /* LoginViewController.swift in Sources */ = {isa = PBXBuildFile; fileRef = E7BC60511EB10D79000529AC /* LoginViewController.swift */; };
		E7BC60551EB10D79000529AC /* SignupLoginViewController.swift in Sources */ = {isa = PBXBuildFile; fileRef = E7BC60521EB10D79000529AC /* SignupLoginViewController.swift */; };
		E7BC60561EB10D79000529AC /* SignupViewController.swift in Sources */ = {isa = PBXBuildFile; fileRef = E7BC60531EB10D79000529AC /* SignupViewController.swift */; };
		E7BC60581EB11220000529AC /* TTUser.swift in Sources */ = {isa = PBXBuildFile; fileRef = E7BC60571EB11220000529AC /* TTUser.swift */; };
		E7E3B4771EB69DFF000F9CA4 /* TTProfilesViewController.swift in Sources */ = {isa = PBXBuildFile; fileRef = E7E3B4761EB69DFF000F9CA4 /* TTProfilesViewController.swift */; };
		E7E3B47D1EB6C04D000F9CA4 /* TTFillPlateViewController.swift in Sources */ = {isa = PBXBuildFile; fileRef = E7E3B47C1EB6C04D000F9CA4 /* TTFillPlateViewController.swift */; };
		E7E3B47F1EB6C705000F9CA4 /* TTGameViewController.swift in Sources */ = {isa = PBXBuildFile; fileRef = E7E3B47E1EB6C705000F9CA4 /* TTGameViewController.swift */; };
		E7E3B4841EB6F483000F9CA4 /* TTGameCollectionViewCell.swift in Sources */ = {isa = PBXBuildFile; fileRef = E7E3B4831EB6F483000F9CA4 /* TTGameCollectionViewCell.swift */; };
		E7F0E5641EB269B00088743B /* CommonStoryboard.storyboard in Resources */ = {isa = PBXBuildFile; fileRef = E7F0E5631EB269B00088743B /* CommonStoryboard.storyboard */; };
		E7F0E5661EB2801F0088743B /* TTFoodInputWaysViewController.swift in Sources */ = {isa = PBXBuildFile; fileRef = E7F0E5651EB2801F0088743B /* TTFoodInputWaysViewController.swift */; };
		E7F0E56A1EB29E7B0088743B /* TTAddPhotoTableViewController.swift in Sources */ = {isa = PBXBuildFile; fileRef = E7F0E5691EB29E7B0088743B /* TTAddPhotoTableViewController.swift */; };
		E7F0E5711EB540280088743B /* TTFirebaseClient.swift in Sources */ = {isa = PBXBuildFile; fileRef = E7F0E5701EB540280088743B /* TTFirebaseClient.swift */; };
/* End PBXBuildFile section */

/* Begin PBXContainerItemProxy section */
		E7B940F91EAE790C0078AB5E /* PBXContainerItemProxy */ = {
			isa = PBXContainerItemProxy;
			containerPortal = E7B940D91EAE790C0078AB5E /* Project object */;
			proxyType = 1;
			remoteGlobalIDString = E7B940E01EAE790C0078AB5E;
			remoteInfo = TummyOnTrack;
		};
		E7B941041EAE790C0078AB5E /* PBXContainerItemProxy */ = {
			isa = PBXContainerItemProxy;
			containerPortal = E7B940D91EAE790C0078AB5E /* Project object */;
			proxyType = 1;
			remoteGlobalIDString = E7B940E01EAE790C0078AB5E;
			remoteInfo = TummyOnTrack;
		};
/* End PBXContainerItemProxy section */

/* Begin PBXFileReference section */
		0F072AD01922E31DD05A8482 /* Pods-TummyOnTrackTests.debug.xcconfig */ = {isa = PBXFileReference; includeInIndex = 1; lastKnownFileType = text.xcconfig; name = "Pods-TummyOnTrackTests.debug.xcconfig"; path = "Pods/Target Support Files/Pods-TummyOnTrackTests/Pods-TummyOnTrackTests.debug.xcconfig"; sourceTree = "<group>"; };
		13503F964629947C1A0FA44D /* Pods-TummyOnTrack.debug.xcconfig */ = {isa = PBXFileReference; includeInIndex = 1; lastKnownFileType = text.xcconfig; name = "Pods-TummyOnTrack.debug.xcconfig"; path = "Pods/Target Support Files/Pods-TummyOnTrack/Pods-TummyOnTrack.debug.xcconfig"; sourceTree = "<group>"; };
		21989D8558ABF79AD2D3611D /* Pods_TummyOnTrack.framework */ = {isa = PBXFileReference; explicitFileType = wrapper.framework; includeInIndex = 0; path = Pods_TummyOnTrack.framework; sourceTree = BUILT_PRODUCTS_DIR; };
		26AE05810A52D180E9FA6DC3 /* Pods-TummyOnTrackUITests.debug.xcconfig */ = {isa = PBXFileReference; includeInIndex = 1; lastKnownFileType = text.xcconfig; name = "Pods-TummyOnTrackUITests.debug.xcconfig"; path = "Pods/Target Support Files/Pods-TummyOnTrackUITests/Pods-TummyOnTrackUITests.debug.xcconfig"; sourceTree = "<group>"; };
		297D0B9229B100B9928ADB4D /* Pods-TummyOnTrack.release.xcconfig */ = {isa = PBXFileReference; includeInIndex = 1; lastKnownFileType = text.xcconfig; name = "Pods-TummyOnTrack.release.xcconfig"; path = "Pods/Target Support Files/Pods-TummyOnTrack/Pods-TummyOnTrack.release.xcconfig"; sourceTree = "<group>"; };
		311164B31794F3E36BFCC046 /* Pods-TummyOnTrackUITests.release.xcconfig */ = {isa = PBXFileReference; includeInIndex = 1; lastKnownFileType = text.xcconfig; name = "Pods-TummyOnTrackUITests.release.xcconfig"; path = "Pods/Target Support Files/Pods-TummyOnTrackUITests/Pods-TummyOnTrackUITests.release.xcconfig"; sourceTree = "<group>"; };
		311B02E31EB448D700DAA2ED /* TTRewardsViewController.swift */ = {isa = PBXFileReference; fileEncoding = 4; lastKnownFileType = sourcecode.swift; name = TTRewardsViewController.swift; path = TummyOnTrack/Rewards/TTRewardsViewController.swift; sourceTree = SOURCE_ROOT; };
		311B02E51EB4513900DAA2ED /* RewardCell.swift */ = {isa = PBXFileReference; fileEncoding = 4; lastKnownFileType = sourcecode.swift; name = RewardCell.swift; path = TummyOnTrack/Rewards/RewardCell.swift; sourceTree = SOURCE_ROOT; };
		311B02E71EB459EC00DAA2ED /* TTReward.swift */ = {isa = PBXFileReference; fileEncoding = 4; lastKnownFileType = sourcecode.swift; path = TTReward.swift; sourceTree = "<group>"; };
		311B02EB1EB4B41D00DAA2ED /* TTProfile.swift */ = {isa = PBXFileReference; fileEncoding = 4; lastKnownFileType = sourcecode.swift; path = TTProfile.swift; sourceTree = "<group>"; };
		311B02ED1EB994E000DAA2ED /* RewardsHeaderView.swift */ = {isa = PBXFileReference; fileEncoding = 4; lastKnownFileType = sourcecode.swift; name = RewardsHeaderView.swift; path = TummyOnTrack/Rewards/RewardsHeaderView.swift; sourceTree = SOURCE_ROOT; };
		311B02F11EBA8C3200DAA2ED /* TTDecorateRoomViewController.swift */ = {isa = PBXFileReference; fileEncoding = 4; lastKnownFileType = sourcecode.swift; name = TTDecorateRoomViewController.swift; path = TummyOnTrack/Rewards/TTDecorateRoomViewController.swift; sourceTree = SOURCE_ROOT; };
		31DE9B031EB154DF0055B8D8 /* TTPointsViewController.swift */ = {isa = PBXFileReference; fileEncoding = 4; lastKnownFileType = sourcecode.swift; name = TTPointsViewController.swift; path = TummyOnTrack/Rewards/TTPointsViewController.swift; sourceTree = SOURCE_ROOT; };
		31DE9B051EB155120055B8D8 /* Rewards.storyboard */ = {isa = PBXFileReference; fileEncoding = 4; lastKnownFileType = file.storyboard; path = Rewards.storyboard; sourceTree = "<group>"; };
		95D98D94BFFCF67DC2115B6F /* Pods-TummyOnTrackTests.release.xcconfig */ = {isa = PBXFileReference; includeInIndex = 1; lastKnownFileType = text.xcconfig; name = "Pods-TummyOnTrackTests.release.xcconfig"; path = "Pods/Target Support Files/Pods-TummyOnTrackTests/Pods-TummyOnTrackTests.release.xcconfig"; sourceTree = "<group>"; };
		C70769353C6DF168DCF8CA75 /* Pods_TummyOnTrackTests.framework */ = {isa = PBXFileReference; explicitFileType = wrapper.framework; includeInIndex = 0; path = Pods_TummyOnTrackTests.framework; sourceTree = BUILT_PRODUCTS_DIR; };
		CD778399FA4004A9293948D1 /* Pods_TummyOnTrackUITests.framework */ = {isa = PBXFileReference; explicitFileType = wrapper.framework; includeInIndex = 0; path = Pods_TummyOnTrackUITests.framework; sourceTree = BUILT_PRODUCTS_DIR; };
		D11FC1861EBBD6D9005FDC06 /* GoogleService-Info.plist */ = {isa = PBXFileReference; fileEncoding = 4; lastKnownFileType = text.plist.xml; path = "GoogleService-Info.plist"; sourceTree = "<group>"; };
		D11FC18A1EBC09A3005FDC06 /* VoiceSummaryHeader.swift */ = {isa = PBXFileReference; fileEncoding = 4; lastKnownFileType = sourcecode.swift; name = VoiceSummaryHeader.swift; path = TummyOnTrack/VoiceEntry/VoiceSummaryHeader.swift; sourceTree = SOURCE_ROOT; };
		D1B1EF9A1EB141970032BEE1 /* TTVoiceViewController.swift */ = {isa = PBXFileReference; fileEncoding = 4; lastKnownFileType = sourcecode.swift; name = TTVoiceViewController.swift; path = TummyOnTrack/VoiceEntry/TTVoiceViewController.swift; sourceTree = SOURCE_ROOT; };
		D1B1EF9C1EB141E40032BEE1 /* VoiceEntry.storyboard */ = {isa = PBXFileReference; fileEncoding = 4; lastKnownFileType = file.storyboard; path = VoiceEntry.storyboard; sourceTree = "<group>"; };
		D1B1EFD41EB395250032BEE1 /* TTVoiceSummaryViewController.swift */ = {isa = PBXFileReference; fileEncoding = 4; lastKnownFileType = sourcecode.swift; name = TTVoiceSummaryViewController.swift; path = TummyOnTrack/VoiceEntry/TTVoiceSummaryViewController.swift; sourceTree = SOURCE_ROOT; };
		D1B1EFD61EB3953D0032BEE1 /* TTFoodItem.swift */ = {isa = PBXFileReference; fileEncoding = 4; lastKnownFileType = sourcecode.swift; path = TTFoodItem.swift; sourceTree = "<group>"; };
		D1B1EFE71EB3BDF80032BEE1 /* VoiceCollectionViewCell.swift */ = {isa = PBXFileReference; fileEncoding = 4; lastKnownFileType = sourcecode.swift; name = VoiceCollectionViewCell.swift; path = TummyOnTrack/VoiceEntry/VoiceCollectionViewCell.swift; sourceTree = SOURCE_ROOT; };
		E038F56A1EB694DA002E55DE /* ProfileStoryboard.storyboard */ = {isa = PBXFileReference; fileEncoding = 4; lastKnownFileType = file.storyboard; path = ProfileStoryboard.storyboard; sourceTree = "<group>"; };
		E038F5721EB6A80C002E55DE /* AddTTProfileViewController.swift */ = {isa = PBXFileReference; fileEncoding = 4; lastKnownFileType = sourcecode.swift; path = AddTTProfileViewController.swift; sourceTree = "<group>"; };
		E08BD2A21EB28B4100FD5404 /* Helpers.swift */ = {isa = PBXFileReference; fileEncoding = 4; lastKnownFileType = sourcecode.swift; path = Helpers.swift; sourceTree = "<group>"; };
		E7570FF31EB6F5F300E2FE2D /* TTProfileCollectionViewCell.swift */ = {isa = PBXFileReference; fileEncoding = 4; lastKnownFileType = sourcecode.swift; name = TTProfileCollectionViewCell.swift; path = TummyOnTrack/Profiles/Views/TTProfileCollectionViewCell.swift; sourceTree = SOURCE_ROOT; };
		E7834F291EB14BB500FD2F1C /* TTHomeTableTableViewController.swift */ = {isa = PBXFileReference; fileEncoding = 4; lastKnownFileType = sourcecode.swift; path = TTHomeTableTableViewController.swift; sourceTree = "<group>"; };
		E7B940E11EAE790C0078AB5E /* TummyOnTrack.app */ = {isa = PBXFileReference; explicitFileType = wrapper.application; includeInIndex = 0; path = TummyOnTrack.app; sourceTree = BUILT_PRODUCTS_DIR; };
		E7B940E41EAE790C0078AB5E /* AppDelegate.swift */ = {isa = PBXFileReference; lastKnownFileType = sourcecode.swift; path = AppDelegate.swift; sourceTree = "<group>"; };
		E7B940E91EAE790C0078AB5E /* Base */ = {isa = PBXFileReference; lastKnownFileType = file.storyboard; name = Base; path = Base.lproj/Main.storyboard; sourceTree = "<group>"; };
		E7B940EC1EAE790C0078AB5E /* TummyOnTrack.xcdatamodel */ = {isa = PBXFileReference; lastKnownFileType = wrapper.xcdatamodel; path = TummyOnTrack.xcdatamodel; sourceTree = "<group>"; };
		E7B940EE1EAE790C0078AB5E /* Assets.xcassets */ = {isa = PBXFileReference; lastKnownFileType = folder.assetcatalog; path = Assets.xcassets; sourceTree = "<group>"; };
		E7B940F11EAE790C0078AB5E /* Base */ = {isa = PBXFileReference; lastKnownFileType = file.storyboard; name = Base; path = Base.lproj/LaunchScreen.storyboard; sourceTree = "<group>"; };
		E7B940F31EAE790C0078AB5E /* Info.plist */ = {isa = PBXFileReference; lastKnownFileType = text.plist.xml; path = Info.plist; sourceTree = "<group>"; };
		E7B940F81EAE790C0078AB5E /* TummyOnTrackTests.xctest */ = {isa = PBXFileReference; explicitFileType = wrapper.cfbundle; includeInIndex = 0; path = TummyOnTrackTests.xctest; sourceTree = BUILT_PRODUCTS_DIR; };
		E7B940FC1EAE790C0078AB5E /* TummyOnTrackTests.swift */ = {isa = PBXFileReference; lastKnownFileType = sourcecode.swift; path = TummyOnTrackTests.swift; sourceTree = "<group>"; };
		E7B940FE1EAE790C0078AB5E /* Info.plist */ = {isa = PBXFileReference; lastKnownFileType = text.plist.xml; path = Info.plist; sourceTree = "<group>"; };
		E7B941031EAE790C0078AB5E /* TummyOnTrackUITests.xctest */ = {isa = PBXFileReference; explicitFileType = wrapper.cfbundle; includeInIndex = 0; path = TummyOnTrackUITests.xctest; sourceTree = BUILT_PRODUCTS_DIR; };
		E7B941071EAE790C0078AB5E /* TummyOnTrackUITests.swift */ = {isa = PBXFileReference; lastKnownFileType = sourcecode.swift; path = TummyOnTrackUITests.swift; sourceTree = "<group>"; };
		E7B941091EAE790C0078AB5E /* Info.plist */ = {isa = PBXFileReference; lastKnownFileType = text.plist.xml; path = Info.plist; sourceTree = "<group>"; };
		E7BC604F1EB10D6A000529AC /* Onboarding.storyboard */ = {isa = PBXFileReference; fileEncoding = 4; lastKnownFileType = file.storyboard; path = Onboarding.storyboard; sourceTree = "<group>"; };
		E7BC60511EB10D79000529AC /* LoginViewController.swift */ = {isa = PBXFileReference; fileEncoding = 4; lastKnownFileType = sourcecode.swift; path = LoginViewController.swift; sourceTree = "<group>"; };
		E7BC60521EB10D79000529AC /* SignupLoginViewController.swift */ = {isa = PBXFileReference; fileEncoding = 4; lastKnownFileType = sourcecode.swift; path = SignupLoginViewController.swift; sourceTree = "<group>"; };
		E7BC60531EB10D79000529AC /* SignupViewController.swift */ = {isa = PBXFileReference; fileEncoding = 4; lastKnownFileType = sourcecode.swift; path = SignupViewController.swift; sourceTree = "<group>"; };
		E7BC60571EB11220000529AC /* TTUser.swift */ = {isa = PBXFileReference; fileEncoding = 4; lastKnownFileType = sourcecode.swift; path = TTUser.swift; sourceTree = "<group>"; };
		E7E3B4761EB69DFF000F9CA4 /* TTProfilesViewController.swift */ = {isa = PBXFileReference; fileEncoding = 4; lastKnownFileType = sourcecode.swift; path = TTProfilesViewController.swift; sourceTree = "<group>"; };
		E7E3B47C1EB6C04D000F9CA4 /* TTFillPlateViewController.swift */ = {isa = PBXFileReference; fileEncoding = 4; lastKnownFileType = sourcecode.swift; path = TTFillPlateViewController.swift; sourceTree = "<group>"; };
		E7E3B47E1EB6C705000F9CA4 /* TTGameViewController.swift */ = {isa = PBXFileReference; fileEncoding = 4; lastKnownFileType = sourcecode.swift; path = TTGameViewController.swift; sourceTree = "<group>"; };
		E7E3B4831EB6F483000F9CA4 /* TTGameCollectionViewCell.swift */ = {isa = PBXFileReference; fileEncoding = 4; lastKnownFileType = sourcecode.swift; path = TTGameCollectionViewCell.swift; sourceTree = "<group>"; };
		E7F0E5631EB269B00088743B /* CommonStoryboard.storyboard */ = {isa = PBXFileReference; fileEncoding = 4; lastKnownFileType = file.storyboard; path = CommonStoryboard.storyboard; sourceTree = "<group>"; };
		E7F0E5651EB2801F0088743B /* TTFoodInputWaysViewController.swift */ = {isa = PBXFileReference; fileEncoding = 4; lastKnownFileType = sourcecode.swift; path = TTFoodInputWaysViewController.swift; sourceTree = "<group>"; };
		E7F0E5691EB29E7B0088743B /* TTAddPhotoTableViewController.swift */ = {isa = PBXFileReference; fileEncoding = 4; lastKnownFileType = sourcecode.swift; path = TTAddPhotoTableViewController.swift; sourceTree = "<group>"; };
		E7F0E5701EB540280088743B /* TTFirebaseClient.swift */ = {isa = PBXFileReference; fileEncoding = 4; lastKnownFileType = sourcecode.swift; path = TTFirebaseClient.swift; sourceTree = "<group>"; };
/* End PBXFileReference section */

/* Begin PBXFrameworksBuildPhase section */
		E7B940DE1EAE790C0078AB5E /* Frameworks */ = {
			isa = PBXFrameworksBuildPhase;
			buildActionMask = 2147483647;
			files = (
				03DEBB593919382D6559FBA3 /* Pods_TummyOnTrack.framework in Frameworks */,
			);
			runOnlyForDeploymentPostprocessing = 0;
		};
		E7B940F51EAE790C0078AB5E /* Frameworks */ = {
			isa = PBXFrameworksBuildPhase;
			buildActionMask = 2147483647;
			files = (
				DCE26630DAFFED14DB212A92 /* Pods_TummyOnTrackTests.framework in Frameworks */,
			);
			runOnlyForDeploymentPostprocessing = 0;
		};
		E7B941001EAE790C0078AB5E /* Frameworks */ = {
			isa = PBXFrameworksBuildPhase;
			buildActionMask = 2147483647;
			files = (
				E746D5BEBDD93D7BABE7860B /* Pods_TummyOnTrackUITests.framework in Frameworks */,
			);
			runOnlyForDeploymentPostprocessing = 0;
		};
/* End PBXFrameworksBuildPhase section */

/* Begin PBXGroup section */
		0D96F22F2EC47A752C794A28 /* Frameworks */ = {
			isa = PBXGroup;
			children = (
				21989D8558ABF79AD2D3611D /* Pods_TummyOnTrack.framework */,
				C70769353C6DF168DCF8CA75 /* Pods_TummyOnTrackTests.framework */,
				CD778399FA4004A9293948D1 /* Pods_TummyOnTrackUITests.framework */,
			);
			name = Frameworks;
			sourceTree = "<group>";
		};
		C2A7CBEADB7A95993AF01DF5 /* Pods */ = {
			isa = PBXGroup;
			children = (
				13503F964629947C1A0FA44D /* Pods-TummyOnTrack.debug.xcconfig */,
				297D0B9229B100B9928ADB4D /* Pods-TummyOnTrack.release.xcconfig */,
				0F072AD01922E31DD05A8482 /* Pods-TummyOnTrackTests.debug.xcconfig */,
				95D98D94BFFCF67DC2115B6F /* Pods-TummyOnTrackTests.release.xcconfig */,
				26AE05810A52D180E9FA6DC3 /* Pods-TummyOnTrackUITests.debug.xcconfig */,
				311164B31794F3E36BFCC046 /* Pods-TummyOnTrackUITests.release.xcconfig */,
			);
			name = Pods;
			sourceTree = "<group>";
		};
		E038F5681EB694C1002E55DE /* Profiles */ = {
			isa = PBXGroup;
			children = (
				E038F5691EB694C1002E55DE /* ViewControllers */,
				E7BC604C1EB10BDC000529AC /* Views */,
				E038F56A1EB694DA002E55DE /* ProfileStoryboard.storyboard */,
			);
			path = Profiles;
			sourceTree = "<group>";
		};
		E038F5691EB694C1002E55DE /* ViewControllers */ = {
			isa = PBXGroup;
			children = (
				E7E3B4761EB69DFF000F9CA4 /* TTProfilesViewController.swift */,
				E038F5721EB6A80C002E55DE /* AddTTProfileViewController.swift */,
			);
			path = ViewControllers;
			sourceTree = "<group>";
		};
		E08BD2A11EB28B2200FD5404 /* Helpers */ = {
			isa = PBXGroup;
			children = (
				E08BD2A21EB28B4100FD5404 /* Helpers.swift */,
			);
			path = Helpers;
			sourceTree = "<group>";
		};
		E7B940D81EAE790C0078AB5E = {
			isa = PBXGroup;
			children = (
				E7B940E31EAE790C0078AB5E /* TummyOnTrack */,
				E7B940FB1EAE790C0078AB5E /* TummyOnTrackTests */,
				E7B941061EAE790C0078AB5E /* TummyOnTrackUITests */,
				E7B940E21EAE790C0078AB5E /* Products */,
				C2A7CBEADB7A95993AF01DF5 /* Pods */,
				0D96F22F2EC47A752C794A28 /* Frameworks */,
			);
			sourceTree = "<group>";
		};
		E7B940E21EAE790C0078AB5E /* Products */ = {
			isa = PBXGroup;
			children = (
				E7B940E11EAE790C0078AB5E /* TummyOnTrack.app */,
				E7B940F81EAE790C0078AB5E /* TummyOnTrackTests.xctest */,
				E7B941031EAE790C0078AB5E /* TummyOnTrackUITests.xctest */,
			);
			name = Products;
			sourceTree = "<group>";
		};
		E7B940E31EAE790C0078AB5E /* TummyOnTrack */ = {
			isa = PBXGroup;
			children = (
				E7F0E56D1EB53EF60088743B /* APIs */,
				E7BC603F1EB109F0000529AC /* Model */,
				E7BC60401EB109F9000529AC /* OnBoarding */,
				E7BC60441EB10A13000529AC /* VoiceEntry */,
				E7BC60421EB10A07000529AC /* Gamification */,
				E7BC60411EB10A00000529AC /* Rewards */,
				E7BC60431EB10A0D000529AC /* Common */,
				E038F5681EB694C1002E55DE /* Profiles */,
				E7B940E41EAE790C0078AB5E /* AppDelegate.swift */,
				E7B940E81EAE790C0078AB5E /* Main.storyboard */,
				E7B940EE1EAE790C0078AB5E /* Assets.xcassets */,
				E7B940F01EAE790C0078AB5E /* LaunchScreen.storyboard */,
				D11FC1861EBBD6D9005FDC06 /* GoogleService-Info.plist */,
				E7B940F31EAE790C0078AB5E /* Info.plist */,
				E7B940EB1EAE790C0078AB5E /* TummyOnTrack.xcdatamodeld */,
			);
			path = TummyOnTrack;
			sourceTree = "<group>";
		};
		E7B940FB1EAE790C0078AB5E /* TummyOnTrackTests */ = {
			isa = PBXGroup;
			children = (
				E7B940FC1EAE790C0078AB5E /* TummyOnTrackTests.swift */,
				E7B940FE1EAE790C0078AB5E /* Info.plist */,
			);
			path = TummyOnTrackTests;
			sourceTree = "<group>";
		};
		E7B941061EAE790C0078AB5E /* TummyOnTrackUITests */ = {
			isa = PBXGroup;
			children = (
				E7B941071EAE790C0078AB5E /* TummyOnTrackUITests.swift */,
				E7B941091EAE790C0078AB5E /* Info.plist */,
			);
			path = TummyOnTrackUITests;
			sourceTree = "<group>";
		};
		E7BC603F1EB109F0000529AC /* Model */ = {
			isa = PBXGroup;
			children = (
				E7BC60571EB11220000529AC /* TTUser.swift */,
				D1B1EFD61EB3953D0032BEE1 /* TTFoodItem.swift */,
				311B02E71EB459EC00DAA2ED /* TTReward.swift */,
				311B02EB1EB4B41D00DAA2ED /* TTProfile.swift */,
			);
			path = Model;
			sourceTree = "<group>";
		};
		E7BC60401EB109F9000529AC /* OnBoarding */ = {
			isa = PBXGroup;
			children = (
				E08BD2A11EB28B2200FD5404 /* Helpers */,
				E7BC60451EB10BBD000529AC /* ViewControllers */,
				E7BC604F1EB10D6A000529AC /* Onboarding.storyboard */,
				E7BC60461EB10BBD000529AC /* views */,
			);
			path = OnBoarding;
			sourceTree = "<group>";
		};
		E7BC60411EB10A00000529AC /* Rewards */ = {
			isa = PBXGroup;
			children = (
				E7BC60491EB10BD5000529AC /* ViewControllers */,
				E7BC604A1EB10BD5000529AC /* Views */,
				31DE9B051EB155120055B8D8 /* Rewards.storyboard */,
			);
			path = Rewards;
			sourceTree = "<group>";
		};
		E7BC60421EB10A07000529AC /* Gamification */ = {
			isa = PBXGroup;
			children = (
				E7BC60471EB10BCD000529AC /* ViewControllers */,
				E7BC60481EB10BCD000529AC /* Views */,
			);
			path = Gamification;
			sourceTree = "<group>";
		};
		E7BC60431EB10A0D000529AC /* Common */ = {
			isa = PBXGroup;
			children = (
				E7E3B4801EB6F44E000F9CA4 /* Views */,
				E7BC604B1EB10BDC000529AC /* ViewControllers */,
				E7F0E5631EB269B00088743B /* CommonStoryboard.storyboard */,
			);
			path = Common;
			sourceTree = "<group>";
		};
		E7BC60441EB10A13000529AC /* VoiceEntry */ = {
			isa = PBXGroup;
			children = (
				E7BC604D1EB10C24000529AC /* ViewControllers */,
				E7BC604E1EB10C24000529AC /* Views */,
				D1B1EF9C1EB141E40032BEE1 /* VoiceEntry.storyboard */,
			);
			path = VoiceEntry;
			sourceTree = "<group>";
		};
		E7BC60451EB10BBD000529AC /* ViewControllers */ = {
			isa = PBXGroup;
			children = (
				E7BC60511EB10D79000529AC /* LoginViewController.swift */,
				E7BC60521EB10D79000529AC /* SignupLoginViewController.swift */,
				E7BC60531EB10D79000529AC /* SignupViewController.swift */,
			);
			path = ViewControllers;
			sourceTree = "<group>";
		};
		E7BC60461EB10BBD000529AC /* views */ = {
			isa = PBXGroup;
			children = (
			);
			path = views;
			sourceTree = "<group>";
		};
		E7BC60471EB10BCD000529AC /* ViewControllers */ = {
			isa = PBXGroup;
			children = (
			);
			path = ViewControllers;
			sourceTree = "<group>";
		};
		E7BC60481EB10BCD000529AC /* Views */ = {
			isa = PBXGroup;
			children = (
			);
			path = Views;
			sourceTree = "<group>";
		};
		E7BC60491EB10BD5000529AC /* ViewControllers */ = {
			isa = PBXGroup;
			children = (
				31DE9B031EB154DF0055B8D8 /* TTPointsViewController.swift */,
				311B02E31EB448D700DAA2ED /* TTRewardsViewController.swift */,
				311B02F11EBA8C3200DAA2ED /* TTDecorateRoomViewController.swift */,
			);
			path = ViewControllers;
			sourceTree = "<group>";
		};
		E7BC604A1EB10BD5000529AC /* Views */ = {
			isa = PBXGroup;
			children = (
				311B02E51EB4513900DAA2ED /* RewardCell.swift */,
				311B02ED1EB994E000DAA2ED /* RewardsHeaderView.swift */,
			);
			path = Views;
			sourceTree = "<group>";
		};
		E7BC604B1EB10BDC000529AC /* ViewControllers */ = {
			isa = PBXGroup;
			children = (
				E7834F291EB14BB500FD2F1C /* TTHomeTableTableViewController.swift */,
				E7F0E5651EB2801F0088743B /* TTFoodInputWaysViewController.swift */,
				E7F0E5691EB29E7B0088743B /* TTAddPhotoTableViewController.swift */,
				E7E3B47C1EB6C04D000F9CA4 /* TTFillPlateViewController.swift */,
				E7E3B47E1EB6C705000F9CA4 /* TTGameViewController.swift */,
			);
			path = ViewControllers;
			sourceTree = "<group>";
		};
		E7BC604C1EB10BDC000529AC /* Views */ = {
			isa = PBXGroup;
			children = (
				E7570FF31EB6F5F300E2FE2D /* TTProfileCollectionViewCell.swift */,
			);
			name = Views;
			path = ../Common/Views;
			sourceTree = "<group>";
		};
		E7BC604D1EB10C24000529AC /* ViewControllers */ = {
			isa = PBXGroup;
			children = (
				D1B1EF9A1EB141970032BEE1 /* TTVoiceViewController.swift */,
				D1B1EFD41EB395250032BEE1 /* TTVoiceSummaryViewController.swift */,
			);
			path = ViewControllers;
			sourceTree = "<group>";
		};
		E7BC604E1EB10C24000529AC /* Views */ = {
			isa = PBXGroup;
			children = (
				D1B1EFE71EB3BDF80032BEE1 /* VoiceCollectionViewCell.swift */,
				D11FC18A1EBC09A3005FDC06 /* VoiceSummaryHeader.swift */,
			);
			path = Views;
			sourceTree = "<group>";
		};
		E7E3B4801EB6F44E000F9CA4 /* Views */ = {
			isa = PBXGroup;
			children = (
				E7E3B4831EB6F483000F9CA4 /* TTGameCollectionViewCell.swift */,
			);
			path = Views;
			sourceTree = "<group>";
		};
		E7F0E56D1EB53EF60088743B /* APIs */ = {
			isa = PBXGroup;
			children = (
				E7F0E5701EB540280088743B /* TTFirebaseClient.swift */,
			);
			path = APIs;
			sourceTree = "<group>";
		};
/* End PBXGroup section */

/* Begin PBXNativeTarget section */
		E7B940E01EAE790C0078AB5E /* TummyOnTrack */ = {
			isa = PBXNativeTarget;
			buildConfigurationList = E7B9410C1EAE790C0078AB5E /* Build configuration list for PBXNativeTarget "TummyOnTrack" */;
			buildPhases = (
				9A1E03EB070E8826DBA7D671 /* [CP] Check Pods Manifest.lock */,
				E7B940DD1EAE790C0078AB5E /* Sources */,
				E7B940DE1EAE790C0078AB5E /* Frameworks */,
				E7B940DF1EAE790C0078AB5E /* Resources */,
				9A902EAB2347DAF8EEB72944 /* [CP] Embed Pods Frameworks */,
				93651AF9BAEC17704CE94739 /* [CP] Copy Pods Resources */,
			);
			buildRules = (
			);
			dependencies = (
			);
			name = TummyOnTrack;
			productName = TummyOnTrack;
			productReference = E7B940E11EAE790C0078AB5E /* TummyOnTrack.app */;
			productType = "com.apple.product-type.application";
		};
		E7B940F71EAE790C0078AB5E /* TummyOnTrackTests */ = {
			isa = PBXNativeTarget;
			buildConfigurationList = E7B9410F1EAE790C0078AB5E /* Build configuration list for PBXNativeTarget "TummyOnTrackTests" */;
			buildPhases = (
				76D77ADB8A39566D9EA0B7B1 /* [CP] Check Pods Manifest.lock */,
				E7B940F41EAE790C0078AB5E /* Sources */,
				E7B940F51EAE790C0078AB5E /* Frameworks */,
				E7B940F61EAE790C0078AB5E /* Resources */,
				A4347981829B5C15424B00A0 /* [CP] Embed Pods Frameworks */,
				37723646EBD0D3AC0CCC4D3E /* [CP] Copy Pods Resources */,
			);
			buildRules = (
			);
			dependencies = (
				E7B940FA1EAE790C0078AB5E /* PBXTargetDependency */,
			);
			name = TummyOnTrackTests;
			productName = TummyOnTrackTests;
			productReference = E7B940F81EAE790C0078AB5E /* TummyOnTrackTests.xctest */;
			productType = "com.apple.product-type.bundle.unit-test";
		};
		E7B941021EAE790C0078AB5E /* TummyOnTrackUITests */ = {
			isa = PBXNativeTarget;
			buildConfigurationList = E7B941121EAE790C0078AB5E /* Build configuration list for PBXNativeTarget "TummyOnTrackUITests" */;
			buildPhases = (
				E99E42A67A976081B779907B /* [CP] Check Pods Manifest.lock */,
				E7B940FF1EAE790C0078AB5E /* Sources */,
				E7B941001EAE790C0078AB5E /* Frameworks */,
				E7B941011EAE790C0078AB5E /* Resources */,
				F5DD452697A74E748CBA9B70 /* [CP] Embed Pods Frameworks */,
				861AE8C4C42E732A0C36EA17 /* [CP] Copy Pods Resources */,
			);
			buildRules = (
			);
			dependencies = (
				E7B941051EAE790C0078AB5E /* PBXTargetDependency */,
			);
			name = TummyOnTrackUITests;
			productName = TummyOnTrackUITests;
			productReference = E7B941031EAE790C0078AB5E /* TummyOnTrackUITests.xctest */;
			productType = "com.apple.product-type.bundle.ui-testing";
		};
/* End PBXNativeTarget section */

/* Begin PBXProject section */
		E7B940D91EAE790C0078AB5E /* Project object */ = {
			isa = PBXProject;
			attributes = {
				LastSwiftUpdateCheck = 0830;
				LastUpgradeCheck = 0830;
				ORGANIZATIONNAME = "Gauri Tikekar";
				TargetAttributes = {
					E7B940E01EAE790C0078AB5E = {
						CreatedOnToolsVersion = 8.3;
						ProvisioningStyle = Automatic;
					};
					E7B940F71EAE790C0078AB5E = {
						CreatedOnToolsVersion = 8.3;
						DevelopmentTeam = GQAPG2Q6U6;
						ProvisioningStyle = Automatic;
						TestTargetID = E7B940E01EAE790C0078AB5E;
					};
					E7B941021EAE790C0078AB5E = {
						CreatedOnToolsVersion = 8.3;
						DevelopmentTeam = GQAPG2Q6U6;
						ProvisioningStyle = Automatic;
						TestTargetID = E7B940E01EAE790C0078AB5E;
					};
				};
			};
			buildConfigurationList = E7B940DC1EAE790C0078AB5E /* Build configuration list for PBXProject "TummyOnTrack" */;
			compatibilityVersion = "Xcode 3.2";
			developmentRegion = English;
			hasScannedForEncodings = 0;
			knownRegions = (
				en,
				Base,
			);
			mainGroup = E7B940D81EAE790C0078AB5E;
			productRefGroup = E7B940E21EAE790C0078AB5E /* Products */;
			projectDirPath = "";
			projectRoot = "";
			targets = (
				E7B940E01EAE790C0078AB5E /* TummyOnTrack */,
				E7B940F71EAE790C0078AB5E /* TummyOnTrackTests */,
				E7B941021EAE790C0078AB5E /* TummyOnTrackUITests */,
			);
		};
/* End PBXProject section */

/* Begin PBXResourcesBuildPhase section */
		E7B940DF1EAE790C0078AB5E /* Resources */ = {
			isa = PBXResourcesBuildPhase;
			buildActionMask = 2147483647;
			files = (
				E7B940F21EAE790C0078AB5E /* LaunchScreen.storyboard in Resources */,
				E7BC60501EB10D6A000529AC /* Onboarding.storyboard in Resources */,
				D11FC1871EBBD6D9005FDC06 /* GoogleService-Info.plist in Resources */,
				D1B1EF9D1EB141E40032BEE1 /* VoiceEntry.storyboard in Resources */,
				E7F0E5641EB269B00088743B /* CommonStoryboard.storyboard in Resources */,
				E7B940EF1EAE790C0078AB5E /* Assets.xcassets in Resources */,
				E038F56B1EB694DA002E55DE /* ProfileStoryboard.storyboard in Resources */,
				31DE9B061EB155120055B8D8 /* Rewards.storyboard in Resources */,
				E7B940EA1EAE790C0078AB5E /* Main.storyboard in Resources */,
			);
			runOnlyForDeploymentPostprocessing = 0;
		};
		E7B940F61EAE790C0078AB5E /* Resources */ = {
			isa = PBXResourcesBuildPhase;
			buildActionMask = 2147483647;
			files = (
			);
			runOnlyForDeploymentPostprocessing = 0;
		};
		E7B941011EAE790C0078AB5E /* Resources */ = {
			isa = PBXResourcesBuildPhase;
			buildActionMask = 2147483647;
			files = (
			);
			runOnlyForDeploymentPostprocessing = 0;
		};
/* End PBXResourcesBuildPhase section */

/* Begin PBXShellScriptBuildPhase section */
		37723646EBD0D3AC0CCC4D3E /* [CP] Copy Pods Resources */ = {
			isa = PBXShellScriptBuildPhase;
			buildActionMask = 2147483647;
			files = (
			);
			inputPaths = (
			);
			name = "[CP] Copy Pods Resources";
			outputPaths = (
			);
			runOnlyForDeploymentPostprocessing = 0;
			shellPath = /bin/sh;
			shellScript = "\"${SRCROOT}/Pods/Target Support Files/Pods-TummyOnTrackTests/Pods-TummyOnTrackTests-resources.sh\"\n";
			showEnvVarsInLog = 0;
		};
		76D77ADB8A39566D9EA0B7B1 /* [CP] Check Pods Manifest.lock */ = {
			isa = PBXShellScriptBuildPhase;
			buildActionMask = 2147483647;
			files = (
			);
			inputPaths = (
			);
			name = "[CP] Check Pods Manifest.lock";
			outputPaths = (
			);
			runOnlyForDeploymentPostprocessing = 0;
			shellPath = /bin/sh;
			shellScript = "diff \"${PODS_ROOT}/../Podfile.lock\" \"${PODS_ROOT}/Manifest.lock\" > /dev/null\nif [ $? != 0 ] ; then\n    # print error to STDERR\n    echo \"error: The sandbox is not in sync with the Podfile.lock. Run 'pod install' or update your CocoaPods installation.\" >&2\n    exit 1\nfi\n";
			showEnvVarsInLog = 0;
		};
		861AE8C4C42E732A0C36EA17 /* [CP] Copy Pods Resources */ = {
			isa = PBXShellScriptBuildPhase;
			buildActionMask = 2147483647;
			files = (
			);
			inputPaths = (
			);
			name = "[CP] Copy Pods Resources";
			outputPaths = (
			);
			runOnlyForDeploymentPostprocessing = 0;
			shellPath = /bin/sh;
			shellScript = "\"${SRCROOT}/Pods/Target Support Files/Pods-TummyOnTrackUITests/Pods-TummyOnTrackUITests-resources.sh\"\n";
			showEnvVarsInLog = 0;
		};
		93651AF9BAEC17704CE94739 /* [CP] Copy Pods Resources */ = {
			isa = PBXShellScriptBuildPhase;
			buildActionMask = 2147483647;
			files = (
			);
			inputPaths = (
			);
			name = "[CP] Copy Pods Resources";
			outputPaths = (
			);
			runOnlyForDeploymentPostprocessing = 0;
			shellPath = /bin/sh;
			shellScript = "\"${SRCROOT}/Pods/Target Support Files/Pods-TummyOnTrack/Pods-TummyOnTrack-resources.sh\"\n";
			showEnvVarsInLog = 0;
		};
		9A1E03EB070E8826DBA7D671 /* [CP] Check Pods Manifest.lock */ = {
			isa = PBXShellScriptBuildPhase;
			buildActionMask = 2147483647;
			files = (
			);
			inputPaths = (
			);
			name = "[CP] Check Pods Manifest.lock";
			outputPaths = (
			);
			runOnlyForDeploymentPostprocessing = 0;
			shellPath = /bin/sh;
			shellScript = "diff \"${PODS_ROOT}/../Podfile.lock\" \"${PODS_ROOT}/Manifest.lock\" > /dev/null\nif [ $? != 0 ] ; then\n    # print error to STDERR\n    echo \"error: The sandbox is not in sync with the Podfile.lock. Run 'pod install' or update your CocoaPods installation.\" >&2\n    exit 1\nfi\n";
			showEnvVarsInLog = 0;
		};
		9A902EAB2347DAF8EEB72944 /* [CP] Embed Pods Frameworks */ = {
			isa = PBXShellScriptBuildPhase;
			buildActionMask = 2147483647;
			files = (
			);
			inputPaths = (
			);
			name = "[CP] Embed Pods Frameworks";
			outputPaths = (
			);
			runOnlyForDeploymentPostprocessing = 0;
			shellPath = /bin/sh;
			shellScript = "\"${SRCROOT}/Pods/Target Support Files/Pods-TummyOnTrack/Pods-TummyOnTrack-frameworks.sh\"\n";
			showEnvVarsInLog = 0;
		};
		A4347981829B5C15424B00A0 /* [CP] Embed Pods Frameworks */ = {
			isa = PBXShellScriptBuildPhase;
			buildActionMask = 2147483647;
			files = (
			);
			inputPaths = (
			);
			name = "[CP] Embed Pods Frameworks";
			outputPaths = (
			);
			runOnlyForDeploymentPostprocessing = 0;
			shellPath = /bin/sh;
			shellScript = "\"${SRCROOT}/Pods/Target Support Files/Pods-TummyOnTrackTests/Pods-TummyOnTrackTests-frameworks.sh\"\n";
			showEnvVarsInLog = 0;
		};
		E99E42A67A976081B779907B /* [CP] Check Pods Manifest.lock */ = {
			isa = PBXShellScriptBuildPhase;
			buildActionMask = 2147483647;
			files = (
			);
			inputPaths = (
			);
			name = "[CP] Check Pods Manifest.lock";
			outputPaths = (
			);
			runOnlyForDeploymentPostprocessing = 0;
			shellPath = /bin/sh;
			shellScript = "diff \"${PODS_ROOT}/../Podfile.lock\" \"${PODS_ROOT}/Manifest.lock\" > /dev/null\nif [ $? != 0 ] ; then\n    # print error to STDERR\n    echo \"error: The sandbox is not in sync with the Podfile.lock. Run 'pod install' or update your CocoaPods installation.\" >&2\n    exit 1\nfi\n";
			showEnvVarsInLog = 0;
		};
		F5DD452697A74E748CBA9B70 /* [CP] Embed Pods Frameworks */ = {
			isa = PBXShellScriptBuildPhase;
			buildActionMask = 2147483647;
			files = (
			);
			inputPaths = (
			);
			name = "[CP] Embed Pods Frameworks";
			outputPaths = (
			);
			runOnlyForDeploymentPostprocessing = 0;
			shellPath = /bin/sh;
			shellScript = "\"${SRCROOT}/Pods/Target Support Files/Pods-TummyOnTrackUITests/Pods-TummyOnTrackUITests-frameworks.sh\"\n";
			showEnvVarsInLog = 0;
		};
/* End PBXShellScriptBuildPhase section */

/* Begin PBXSourcesBuildPhase section */
		E7B940DD1EAE790C0078AB5E /* Sources */ = {
			isa = PBXSourcesBuildPhase;
			buildActionMask = 2147483647;
			files = (
				311B02E41EB448D700DAA2ED /* TTRewardsViewController.swift in Sources */,
				E7F0E5661EB2801F0088743B /* TTFoodInputWaysViewController.swift in Sources */,
				E7834F2A1EB14BB500FD2F1C /* TTHomeTableTableViewController.swift in Sources */,
				D1B1EFE81EB3BDF80032BEE1 /* VoiceCollectionViewCell.swift in Sources */,
				D1B1EFD51EB395250032BEE1 /* TTVoiceSummaryViewController.swift in Sources */,
				E7BC60551EB10D79000529AC /* SignupLoginViewController.swift in Sources */,
				E7E3B4841EB6F483000F9CA4 /* TTGameCollectionViewCell.swift in Sources */,
				311B02E81EB459EC00DAA2ED /* TTReward.swift in Sources */,
				E7BC60561EB10D79000529AC /* SignupViewController.swift in Sources */,
				D11FC18B1EBC09A3005FDC06 /* VoiceSummaryHeader.swift in Sources */,
				31DE9B041EB154DF0055B8D8 /* TTPointsViewController.swift in Sources */,
				E7BC60581EB11220000529AC /* TTUser.swift in Sources */,
				311B02EE1EB994E000DAA2ED /* RewardsHeaderView.swift in Sources */,
				D1B1EFD71EB3953D0032BEE1 /* TTFoodItem.swift in Sources */,
				E7570FF41EB6F5F300E2FE2D /* TTProfileCollectionViewCell.swift in Sources */,
				E7E3B47F1EB6C705000F9CA4 /* TTGameViewController.swift in Sources */,
				D1B1EF9B1EB141970032BEE1 /* TTVoiceViewController.swift in Sources */,
				E08BD2A31EB28B4100FD5404 /* Helpers.swift in Sources */,
				E7B940E51EAE790C0078AB5E /* AppDelegate.swift in Sources */,
				E7F0E5711EB540280088743B /* TTFirebaseClient.swift in Sources */,
				E038F5731EB6A80C002E55DE /* AddTTProfileViewController.swift in Sources */,
				E7F0E56A1EB29E7B0088743B /* TTAddPhotoTableViewController.swift in Sources */,
				E7E3B4771EB69DFF000F9CA4 /* TTProfilesViewController.swift in Sources */,
				E7B940ED1EAE790C0078AB5E /* TummyOnTrack.xcdatamodeld in Sources */,
				311B02E61EB4513900DAA2ED /* RewardCell.swift in Sources */,
				311B02F21EBA8C3200DAA2ED /* TTDecorateRoomViewController.swift in Sources */,
				E7BC60541EB10D79000529AC /* LoginViewController.swift in Sources */,
				E7E3B47D1EB6C04D000F9CA4 /* TTFillPlateViewController.swift in Sources */,
				311B02EC1EB4B41E00DAA2ED /* TTProfile.swift in Sources */,
			);
			runOnlyForDeploymentPostprocessing = 0;
		};
		E7B940F41EAE790C0078AB5E /* Sources */ = {
			isa = PBXSourcesBuildPhase;
			buildActionMask = 2147483647;
			files = (
				E7B940FD1EAE790C0078AB5E /* TummyOnTrackTests.swift in Sources */,
			);
			runOnlyForDeploymentPostprocessing = 0;
		};
		E7B940FF1EAE790C0078AB5E /* Sources */ = {
			isa = PBXSourcesBuildPhase;
			buildActionMask = 2147483647;
			files = (
				E7B941081EAE790C0078AB5E /* TummyOnTrackUITests.swift in Sources */,
			);
			runOnlyForDeploymentPostprocessing = 0;
		};
/* End PBXSourcesBuildPhase section */

/* Begin PBXTargetDependency section */
		E7B940FA1EAE790C0078AB5E /* PBXTargetDependency */ = {
			isa = PBXTargetDependency;
			target = E7B940E01EAE790C0078AB5E /* TummyOnTrack */;
			targetProxy = E7B940F91EAE790C0078AB5E /* PBXContainerItemProxy */;
		};
		E7B941051EAE790C0078AB5E /* PBXTargetDependency */ = {
			isa = PBXTargetDependency;
			target = E7B940E01EAE790C0078AB5E /* TummyOnTrack */;
			targetProxy = E7B941041EAE790C0078AB5E /* PBXContainerItemProxy */;
		};
/* End PBXTargetDependency section */

/* Begin PBXVariantGroup section */
		E7B940E81EAE790C0078AB5E /* Main.storyboard */ = {
			isa = PBXVariantGroup;
			children = (
				E7B940E91EAE790C0078AB5E /* Base */,
			);
			name = Main.storyboard;
			sourceTree = "<group>";
		};
		E7B940F01EAE790C0078AB5E /* LaunchScreen.storyboard */ = {
			isa = PBXVariantGroup;
			children = (
				E7B940F11EAE790C0078AB5E /* Base */,
			);
			name = LaunchScreen.storyboard;
			sourceTree = "<group>";
		};
/* End PBXVariantGroup section */

/* Begin XCBuildConfiguration section */
		E7B9410A1EAE790C0078AB5E /* Debug */ = {
			isa = XCBuildConfiguration;
			buildSettings = {
				ALWAYS_SEARCH_USER_PATHS = NO;
				CLANG_ANALYZER_NONNULL = YES;
				CLANG_ANALYZER_NUMBER_OBJECT_CONVERSION = YES_AGGRESSIVE;
				CLANG_CXX_LANGUAGE_STANDARD = "gnu++0x";
				CLANG_CXX_LIBRARY = "libc++";
				CLANG_ENABLE_MODULES = YES;
				CLANG_ENABLE_OBJC_ARC = YES;
				CLANG_WARN_BOOL_CONVERSION = YES;
				CLANG_WARN_CONSTANT_CONVERSION = YES;
				CLANG_WARN_DIRECT_OBJC_ISA_USAGE = YES_ERROR;
				CLANG_WARN_DOCUMENTATION_COMMENTS = YES;
				CLANG_WARN_EMPTY_BODY = YES;
				CLANG_WARN_ENUM_CONVERSION = YES;
				CLANG_WARN_INFINITE_RECURSION = YES;
				CLANG_WARN_INT_CONVERSION = YES;
				CLANG_WARN_OBJC_ROOT_CLASS = YES_ERROR;
				CLANG_WARN_SUSPICIOUS_MOVE = YES;
				CLANG_WARN_UNREACHABLE_CODE = YES;
				CLANG_WARN__DUPLICATE_METHOD_MATCH = YES;
				"CODE_SIGN_IDENTITY[sdk=iphoneos*]" = "iPhone Developer";
				COPY_PHASE_STRIP = NO;
				DEBUG_INFORMATION_FORMAT = dwarf;
				ENABLE_STRICT_OBJC_MSGSEND = YES;
				ENABLE_TESTABILITY = YES;
				GCC_C_LANGUAGE_STANDARD = gnu99;
				GCC_DYNAMIC_NO_PIC = NO;
				GCC_NO_COMMON_BLOCKS = YES;
				GCC_OPTIMIZATION_LEVEL = 0;
				GCC_PREPROCESSOR_DEFINITIONS = (
					"DEBUG=1",
					"$(inherited)",
				);
				GCC_WARN_64_TO_32_BIT_CONVERSION = YES;
				GCC_WARN_ABOUT_RETURN_TYPE = YES_ERROR;
				GCC_WARN_UNDECLARED_SELECTOR = YES;
				GCC_WARN_UNINITIALIZED_AUTOS = YES_AGGRESSIVE;
				GCC_WARN_UNUSED_FUNCTION = YES;
				GCC_WARN_UNUSED_VARIABLE = YES;
				IPHONEOS_DEPLOYMENT_TARGET = 10.3;
				MTL_ENABLE_DEBUG_INFO = YES;
				ONLY_ACTIVE_ARCH = YES;
				SDKROOT = iphoneos;
				SWIFT_ACTIVE_COMPILATION_CONDITIONS = DEBUG;
				SWIFT_OPTIMIZATION_LEVEL = "-Onone";
				TARGETED_DEVICE_FAMILY = "1,2";
			};
			name = Debug;
		};
		E7B9410B1EAE790C0078AB5E /* Release */ = {
			isa = XCBuildConfiguration;
			buildSettings = {
				ALWAYS_SEARCH_USER_PATHS = NO;
				CLANG_ANALYZER_NONNULL = YES;
				CLANG_ANALYZER_NUMBER_OBJECT_CONVERSION = YES_AGGRESSIVE;
				CLANG_CXX_LANGUAGE_STANDARD = "gnu++0x";
				CLANG_CXX_LIBRARY = "libc++";
				CLANG_ENABLE_MODULES = YES;
				CLANG_ENABLE_OBJC_ARC = YES;
				CLANG_WARN_BOOL_CONVERSION = YES;
				CLANG_WARN_CONSTANT_CONVERSION = YES;
				CLANG_WARN_DIRECT_OBJC_ISA_USAGE = YES_ERROR;
				CLANG_WARN_DOCUMENTATION_COMMENTS = YES;
				CLANG_WARN_EMPTY_BODY = YES;
				CLANG_WARN_ENUM_CONVERSION = YES;
				CLANG_WARN_INFINITE_RECURSION = YES;
				CLANG_WARN_INT_CONVERSION = YES;
				CLANG_WARN_OBJC_ROOT_CLASS = YES_ERROR;
				CLANG_WARN_SUSPICIOUS_MOVE = YES;
				CLANG_WARN_UNREACHABLE_CODE = YES;
				CLANG_WARN__DUPLICATE_METHOD_MATCH = YES;
				"CODE_SIGN_IDENTITY[sdk=iphoneos*]" = "iPhone Developer";
				COPY_PHASE_STRIP = NO;
				DEBUG_INFORMATION_FORMAT = "dwarf-with-dsym";
				ENABLE_NS_ASSERTIONS = NO;
				ENABLE_STRICT_OBJC_MSGSEND = YES;
				GCC_C_LANGUAGE_STANDARD = gnu99;
				GCC_NO_COMMON_BLOCKS = YES;
				GCC_WARN_64_TO_32_BIT_CONVERSION = YES;
				GCC_WARN_ABOUT_RETURN_TYPE = YES_ERROR;
				GCC_WARN_UNDECLARED_SELECTOR = YES;
				GCC_WARN_UNINITIALIZED_AUTOS = YES_AGGRESSIVE;
				GCC_WARN_UNUSED_FUNCTION = YES;
				GCC_WARN_UNUSED_VARIABLE = YES;
				IPHONEOS_DEPLOYMENT_TARGET = 10.3;
				MTL_ENABLE_DEBUG_INFO = NO;
				SDKROOT = iphoneos;
				SWIFT_OPTIMIZATION_LEVEL = "-Owholemodule";
				TARGETED_DEVICE_FAMILY = "1,2";
				VALIDATE_PRODUCT = YES;
			};
			name = Release;
		};
		E7B9410D1EAE790C0078AB5E /* Debug */ = {
			isa = XCBuildConfiguration;
			baseConfigurationReference = 13503F964629947C1A0FA44D /* Pods-TummyOnTrack.debug.xcconfig */;
			buildSettings = {
				ASSETCATALOG_COMPILER_APPICON_NAME = AppIcon;
				"CODE_SIGN_IDENTITY[sdk=iphoneos*]" = "iPhone Developer";
				DEVELOPMENT_TEAM = "";
				INFOPLIST_FILE = TummyOnTrack/Info.plist;
				LD_RUNPATH_SEARCH_PATHS = "$(inherited) @executable_path/Frameworks";
				PRODUCT_BUNDLE_IDENTIFIER = com.tummyontrack.TummyOnTrack;
				PRODUCT_NAME = "$(TARGET_NAME)";
				PROVISIONING_PROFILE_SPECIFIER = "";
				SWIFT_VERSION = 3.0;
			};
			name = Debug;
		};
		E7B9410E1EAE790C0078AB5E /* Release */ = {
			isa = XCBuildConfiguration;
			baseConfigurationReference = 297D0B9229B100B9928ADB4D /* Pods-TummyOnTrack.release.xcconfig */;
			buildSettings = {
				ASSETCATALOG_COMPILER_APPICON_NAME = AppIcon;
				"CODE_SIGN_IDENTITY[sdk=iphoneos*]" = "iPhone Developer";
				DEVELOPMENT_TEAM = "";
				INFOPLIST_FILE = TummyOnTrack/Info.plist;
				LD_RUNPATH_SEARCH_PATHS = "$(inherited) @executable_path/Frameworks";
				PRODUCT_BUNDLE_IDENTIFIER = com.tummyontrack.TummyOnTrack;
				PRODUCT_NAME = "$(TARGET_NAME)";
				PROVISIONING_PROFILE_SPECIFIER = "";
				SWIFT_VERSION = 3.0;
			};
			name = Release;
		};
		E7B941101EAE790C0078AB5E /* Debug */ = {
			isa = XCBuildConfiguration;
			baseConfigurationReference = 0F072AD01922E31DD05A8482 /* Pods-TummyOnTrackTests.debug.xcconfig */;
			buildSettings = {
				ALWAYS_EMBED_SWIFT_STANDARD_LIBRARIES = YES;
				BUNDLE_LOADER = "$(TEST_HOST)";
				DEVELOPMENT_TEAM = GQAPG2Q6U6;
				INFOPLIST_FILE = TummyOnTrackTests/Info.plist;
				LD_RUNPATH_SEARCH_PATHS = "$(inherited) @executable_path/Frameworks @loader_path/Frameworks";
				PRODUCT_BUNDLE_IDENTIFIER = com.tummyontrack.TummyOnTrackTests;
				PRODUCT_NAME = "$(TARGET_NAME)";
				SWIFT_VERSION = 3.0;
				TEST_HOST = "$(BUILT_PRODUCTS_DIR)/TummyOnTrack.app/TummyOnTrack";
			};
			name = Debug;
		};
		E7B941111EAE790C0078AB5E /* Release */ = {
			isa = XCBuildConfiguration;
			baseConfigurationReference = 95D98D94BFFCF67DC2115B6F /* Pods-TummyOnTrackTests.release.xcconfig */;
			buildSettings = {
				ALWAYS_EMBED_SWIFT_STANDARD_LIBRARIES = YES;
				BUNDLE_LOADER = "$(TEST_HOST)";
				DEVELOPMENT_TEAM = GQAPG2Q6U6;
				INFOPLIST_FILE = TummyOnTrackTests/Info.plist;
				LD_RUNPATH_SEARCH_PATHS = "$(inherited) @executable_path/Frameworks @loader_path/Frameworks";
				PRODUCT_BUNDLE_IDENTIFIER = com.tummyontrack.TummyOnTrackTests;
				PRODUCT_NAME = "$(TARGET_NAME)";
				SWIFT_VERSION = 3.0;
				TEST_HOST = "$(BUILT_PRODUCTS_DIR)/TummyOnTrack.app/TummyOnTrack";
			};
			name = Release;
		};
		E7B941131EAE790C0078AB5E /* Debug */ = {
			isa = XCBuildConfiguration;
			baseConfigurationReference = 26AE05810A52D180E9FA6DC3 /* Pods-TummyOnTrackUITests.debug.xcconfig */;
			buildSettings = {
				ALWAYS_EMBED_SWIFT_STANDARD_LIBRARIES = YES;
				DEVELOPMENT_TEAM = GQAPG2Q6U6;
				INFOPLIST_FILE = TummyOnTrackUITests/Info.plist;
				LD_RUNPATH_SEARCH_PATHS = "$(inherited) @executable_path/Frameworks @loader_path/Frameworks";
				PRODUCT_BUNDLE_IDENTIFIER = com.tummyontrack.TummyOnTrackUITests;
				PRODUCT_NAME = "$(TARGET_NAME)";
				SWIFT_VERSION = 3.0;
				TEST_TARGET_NAME = TummyOnTrack;
			};
			name = Debug;
		};
		E7B941141EAE790C0078AB5E /* Release */ = {
			isa = XCBuildConfiguration;
			baseConfigurationReference = 311164B31794F3E36BFCC046 /* Pods-TummyOnTrackUITests.release.xcconfig */;
			buildSettings = {
				ALWAYS_EMBED_SWIFT_STANDARD_LIBRARIES = YES;
				DEVELOPMENT_TEAM = GQAPG2Q6U6;
				INFOPLIST_FILE = TummyOnTrackUITests/Info.plist;
				LD_RUNPATH_SEARCH_PATHS = "$(inherited) @executable_path/Frameworks @loader_path/Frameworks";
				PRODUCT_BUNDLE_IDENTIFIER = com.tummyontrack.TummyOnTrackUITests;
				PRODUCT_NAME = "$(TARGET_NAME)";
				SWIFT_VERSION = 3.0;
				TEST_TARGET_NAME = TummyOnTrack;
			};
			name = Release;
		};
/* End XCBuildConfiguration section */

/* Begin XCConfigurationList section */
		E7B940DC1EAE790C0078AB5E /* Build configuration list for PBXProject "TummyOnTrack" */ = {
			isa = XCConfigurationList;
			buildConfigurations = (
				E7B9410A1EAE790C0078AB5E /* Debug */,
				E7B9410B1EAE790C0078AB5E /* Release */,
			);
			defaultConfigurationIsVisible = 0;
			defaultConfigurationName = Release;
		};
		E7B9410C1EAE790C0078AB5E /* Build configuration list for PBXNativeTarget "TummyOnTrack" */ = {
			isa = XCConfigurationList;
			buildConfigurations = (
				E7B9410D1EAE790C0078AB5E /* Debug */,
				E7B9410E1EAE790C0078AB5E /* Release */,
			);
			defaultConfigurationIsVisible = 0;
			defaultConfigurationName = Release;
		};
		E7B9410F1EAE790C0078AB5E /* Build configuration list for PBXNativeTarget "TummyOnTrackTests" */ = {
			isa = XCConfigurationList;
			buildConfigurations = (
				E7B941101EAE790C0078AB5E /* Debug */,
				E7B941111EAE790C0078AB5E /* Release */,
			);
			defaultConfigurationIsVisible = 0;
			defaultConfigurationName = Release;
		};
		E7B941121EAE790C0078AB5E /* Build configuration list for PBXNativeTarget "TummyOnTrackUITests" */ = {
			isa = XCConfigurationList;
			buildConfigurations = (
				E7B941131EAE790C0078AB5E /* Debug */,
				E7B941141EAE790C0078AB5E /* Release */,
			);
			defaultConfigurationIsVisible = 0;
			defaultConfigurationName = Release;
		};
/* End XCConfigurationList section */

/* Begin XCVersionGroup section */
		E7B940EB1EAE790C0078AB5E /* TummyOnTrack.xcdatamodeld */ = {
			isa = XCVersionGroup;
			children = (
				E7B940EC1EAE790C0078AB5E /* TummyOnTrack.xcdatamodel */,
			);
			currentVersion = E7B940EC1EAE790C0078AB5E /* TummyOnTrack.xcdatamodel */;
			path = TummyOnTrack.xcdatamodeld;
			sourceTree = "<group>";
			versionGroupType = wrapper.xcdatamodel;
		};
/* End XCVersionGroup section */
	};
	rootObject = E7B940D91EAE790C0078AB5E /* Project object */;
}
